
Microsoft Visual Studio Solution File, Format Version 12.00
# Visual Studio 15
VisualStudioVersion = 15.0.27703.2018
MinimumVisualStudioVersion = 10.0.40219.1
Project("{FAE04EC0-301F-11D3-BF4B-00C04F79EFBC}") = "Geometry2", "Geometry2\Geometry2.csproj", "{4BC7B8D3-CCB5-403F-BB8A-8359E02CC7C3}"
EndProject
Global
	GlobalSection(SolutionConfigurationPlatforms) = preSolution
		Debug|Any CPU = Debug|Any CPU
		Release|Any CPU = Release|Any CPU
	EndGlobalSection
	GlobalSection(ProjectConfigurationPlatforms) = postSolution
		{4BC7B8D3-CCB5-403F-BB8A-8359E02CC7C3}.Debug|Any CPU.ActiveCfg = Debug|Any CPU
		{4BC7B8D3-CCB5-403F-BB8A-8359E02CC7C3}.Debug|Any CPU.Build.0 = Debug|Any CPU
		{4BC7B8D3-CCB5-403F-BB8A-8359E02CC7C3}.Release|Any CPU.ActiveCfg = Release|Any CPU
		{4BC7B8D3-CCB5-403F-BB8A-8359E02CC7C3}.Release|Any CPU.Build.0 = Release|Any CPU
	EndGlobalSection
	GlobalSection(SolutionProperties) = preSolution
		HideSolutionNode = FALSE
	EndGlobalSection
	GlobalSection(ExtensibilityGlobals) = postSolution
		SolutionGuid = {057D1713-1A0A-452F-B061-BB3A091E7BB4}
	EndGlobalSection
EndGlobal
